
Microsoft Visual Studio Solution File, Format Version 12.00
# Visual Studio 15
VisualStudioVersion = 15.0.28307.902
MinimumVisualStudioVersion = 10.0.40219.1
Project("{FAE04EC0-301F-11D3-BF4B-00C04F79EFBC}") = "part1", "part1\part1.csproj", "{B4EA31D4-1941-4CD7-90AB-01536BE867E9}"
EndProject
Project("{FAE04EC0-301F-11D3-BF4B-00C04F79EFBC}") = "part2", "part2\part2.csproj", "{45D2717C-3A6F-4A99-A621-07E3041D1248}"
EndProject
Global
	GlobalSection(SolutionConfigurationPlatforms) = preSolution
		Debug|Any CPU = Debug|Any CPU
		Release|Any CPU = Release|Any CPU
	EndGlobalSection
	GlobalSection(ProjectConfigurationPlatforms) = postSolution
		{B4EA31D4-1941-4CD7-90AB-01536BE867E9}.Debug|Any CPU.ActiveCfg = Debug|Any CPU
		{B4EA31D4-1941-4CD7-90AB-01536BE867E9}.Debug|Any CPU.Build.0 = Debug|Any CPU
		{B4EA31D4-1941-4CD7-90AB-01536BE867E9}.Release|Any CPU.ActiveCfg = Release|Any CPU
		{B4EA31D4-1941-4CD7-90AB-01536BE867E9}.Release|Any CPU.Build.0 = Release|Any CPU
		{45D2717C-3A6F-4A99-A621-07E3041D1248}.Debug|Any CPU.ActiveCfg = Debug|Any CPU
		{45D2717C-3A6F-4A99-A621-07E3041D1248}.Debug|Any CPU.Build.0 = Debug|Any CPU
		{45D2717C-3A6F-4A99-A621-07E3041D1248}.Release|Any CPU.ActiveCfg = Release|Any CPU
		{45D2717C-3A6F-4A99-A621-07E3041D1248}.Release|Any CPU.Build.0 = Release|Any CPU
	EndGlobalSection
	GlobalSection(SolutionProperties) = preSolution
		HideSolutionNode = FALSE
	EndGlobalSection
	GlobalSection(ExtensibilityGlobals) = postSolution
		SolutionGuid = {EB851B7B-E296-42E1-8FDF-596EBB9B10E0}
	EndGlobalSection
EndGlobal
