
Microsoft Visual Studio Solution File, Format Version 12.00
# Visual Studio 15
VisualStudioVersion = 15.0.28307.902
MinimumVisualStudioVersion = 10.0.40219.1
Project("{FAE04EC0-301F-11D3-BF4B-00C04F79EFBC}") = "dotNet5780_03_7324_2404", "dotNet5780_03_7324_2404\dotNet5780_03_7324_2404.csproj", "{6AB1C3E3-DD26-4D94-AEE4-BED4F422FD6B}"
EndProject
Global
	GlobalSection(SolutionConfigurationPlatforms) = preSolution
		Debug|Any CPU = Debug|Any CPU
		Release|Any CPU = Release|Any CPU
	EndGlobalSection
	GlobalSection(ProjectConfigurationPlatforms) = postSolution
		{6AB1C3E3-DD26-4D94-AEE4-BED4F422FD6B}.Debug|Any CPU.ActiveCfg = Debug|Any CPU
		{6AB1C3E3-DD26-4D94-AEE4-BED4F422FD6B}.Debug|Any CPU.Build.0 = Debug|Any CPU
		{6AB1C3E3-DD26-4D94-AEE4-BED4F422FD6B}.Release|Any CPU.ActiveCfg = Release|Any CPU
		{6AB1C3E3-DD26-4D94-AEE4-BED4F422FD6B}.Release|Any CPU.Build.0 = Release|Any CPU
	EndGlobalSection
	GlobalSection(SolutionProperties) = preSolution
		HideSolutionNode = FALSE
	EndGlobalSection
	GlobalSection(ExtensibilityGlobals) = postSolution
		SolutionGuid = {BE06C2D9-4734-4306-85F1-245389AA802A}
	EndGlobalSection
EndGlobal
